<Solution>
  <Project Path="Alohomora.PayamResan/Alohomora.PayamResan.csproj" Id="4fb67859-d5c7-4784-9274-ae5379938d86" />
  <Project Path="Alohomora.Sql/Alohomora.Sql.csproj" Id="f853c46c-0756-42d1-8709-40e17950f1d6" />
  <Project Path="Alohomora.TestApi/Alohomora.TestApi.csproj" Id="1ca21a58-ed7f-45fc-a5bd-12a35bd59a03" />
  <Project Path="Alohomora.Core/Alohomora.Core.csproj" />
</Solution>
